
Microsoft Visual Studio Solution File, Format Version 12.00
# Visual Studio 15
VisualStudioVersion = 15.0.28307.572
MinimumVisualStudioVersion = 10.0.40219.1
Project("{FAE04EC0-301F-11D3-BF4B-00C04F79EFBC}") = "ConsoleApp2", "ConsoleApp2\ConsoleApp2.csproj", "{34810F8D-6F7B-488F-82BD-34CC74C644C0}"
EndProject
Global
	GlobalSection(SolutionConfigurationPlatforms) = preSolution
		Debug|Any CPU = Debug|Any CPU
		Release|Any CPU = Release|Any CPU
	EndGlobalSection
	GlobalSection(ProjectConfigurationPlatforms) = postSolution
		{34810F8D-6F7B-488F-82BD-34CC74C644C0}.Debug|Any CPU.ActiveCfg = Debug|Any CPU
		{34810F8D-6F7B-488F-82BD-34CC74C644C0}.Debug|Any CPU.Build.0 = Debug|Any CPU
		{34810F8D-6F7B-488F-82BD-34CC74C644C0}.Release|Any CPU.ActiveCfg = Release|Any CPU
		{34810F8D-6F7B-488F-82BD-34CC74C644C0}.Release|Any CPU.Build.0 = Release|Any CPU
	EndGlobalSection
	GlobalSection(SolutionProperties) = preSolution
		HideSolutionNode = FALSE
	EndGlobalSection
	GlobalSection(ExtensibilityGlobals) = postSolution
		SolutionGuid = {9D2BA4E0-417E-4F54-9B4E-4688E2940628}
	EndGlobalSection
EndGlobal
