
Microsoft Visual Studio Solution File, Format Version 12.00
# Visual Studio 15
VisualStudioVersion = 15.0.28307.572
MinimumVisualStudioVersion = 10.0.40219.1
Project("{FAE04EC0-301F-11D3-BF4B-00C04F79EFBC}") = "ZarAtma", "ZarAtma\ZarAtma.csproj", "{DECA322F-1DEB-4AA6-961A-822383DE91C9}"
EndProject
Global
	GlobalSection(SolutionConfigurationPlatforms) = preSolution
		Debug|Any CPU = Debug|Any CPU
		Release|Any CPU = Release|Any CPU
	EndGlobalSection
	GlobalSection(ProjectConfigurationPlatforms) = postSolution
		{DECA322F-1DEB-4AA6-961A-822383DE91C9}.Debug|Any CPU.ActiveCfg = Debug|Any CPU
		{DECA322F-1DEB-4AA6-961A-822383DE91C9}.Debug|Any CPU.Build.0 = Debug|Any CPU
		{DECA322F-1DEB-4AA6-961A-822383DE91C9}.Release|Any CPU.ActiveCfg = Release|Any CPU
		{DECA322F-1DEB-4AA6-961A-822383DE91C9}.Release|Any CPU.Build.0 = Release|Any CPU
	EndGlobalSection
	GlobalSection(SolutionProperties) = preSolution
		HideSolutionNode = FALSE
	EndGlobalSection
	GlobalSection(ExtensibilityGlobals) = postSolution
		SolutionGuid = {EA49D3B8-563E-4E19-A42B-AB8AC7E0494B}
	EndGlobalSection
EndGlobal
