
Microsoft Visual Studio Solution File, Format Version 12.00
# Visual Studio 15
VisualStudioVersion = 15.0.28307.572
MinimumVisualStudioVersion = 10.0.40219.1
Project("{9A19103F-16F7-4668-BE54-9A1E7A4F7556}") = "GuestBook", "GuestBook\GuestBook.csproj", "{57855F79-12DC-4157-A9E1-0CCFCCB3FC1C}"
EndProject
Project("{9A19103F-16F7-4668-BE54-9A1E7A4F7556}") = "GuestBook.Data", "GuestBook.Data\GuestBook.Data.csproj", "{78914FB1-E080-4D4F-A532-906F88C4B504}"
EndProject
Project("{FAE04EC0-301F-11D3-BF4B-00C04F79EFBC}") = "GuestBook.Service", "GuestBook.Service\GuestBook.Service.csproj", "{E9349264-6496-4F5D-941B-22936DD45A3D}"
EndProject
Global
	GlobalSection(SolutionConfigurationPlatforms) = preSolution
		Debug|Any CPU = Debug|Any CPU
		Release|Any CPU = Release|Any CPU
	EndGlobalSection
	GlobalSection(ProjectConfigurationPlatforms) = postSolution
		{57855F79-12DC-4157-A9E1-0CCFCCB3FC1C}.Debug|Any CPU.ActiveCfg = Debug|Any CPU
		{57855F79-12DC-4157-A9E1-0CCFCCB3FC1C}.Debug|Any CPU.Build.0 = Debug|Any CPU
		{57855F79-12DC-4157-A9E1-0CCFCCB3FC1C}.Release|Any CPU.ActiveCfg = Release|Any CPU
		{57855F79-12DC-4157-A9E1-0CCFCCB3FC1C}.Release|Any CPU.Build.0 = Release|Any CPU
		{78914FB1-E080-4D4F-A532-906F88C4B504}.Debug|Any CPU.ActiveCfg = Debug|Any CPU
		{78914FB1-E080-4D4F-A532-906F88C4B504}.Debug|Any CPU.Build.0 = Debug|Any CPU
		{78914FB1-E080-4D4F-A532-906F88C4B504}.Release|Any CPU.ActiveCfg = Release|Any CPU
		{78914FB1-E080-4D4F-A532-906F88C4B504}.Release|Any CPU.Build.0 = Release|Any CPU
		{E9349264-6496-4F5D-941B-22936DD45A3D}.Debug|Any CPU.ActiveCfg = Debug|Any CPU
		{E9349264-6496-4F5D-941B-22936DD45A3D}.Debug|Any CPU.Build.0 = Debug|Any CPU
		{E9349264-6496-4F5D-941B-22936DD45A3D}.Release|Any CPU.ActiveCfg = Release|Any CPU
		{E9349264-6496-4F5D-941B-22936DD45A3D}.Release|Any CPU.Build.0 = Release|Any CPU
	EndGlobalSection
	GlobalSection(SolutionProperties) = preSolution
		HideSolutionNode = FALSE
	EndGlobalSection
	GlobalSection(ExtensibilityGlobals) = postSolution
		SolutionGuid = {7AF8AAFE-8F16-4E4C-B014-4B56E37CFABC}
	EndGlobalSection
EndGlobal
